
Microsoft Visual Studio Solution File, Format Version 12.00
# Visual Studio Version 16
VisualStudioVersion = 16.0.30011.22
MinimumVisualStudioVersion = 10.0.40219.1
Project("{9A19103F-16F7-4668-BE54-9A1E7A4F7556}") = "Minimal API", "Minimal API.csproj", "{6B3DAA91-06F4-41FB-A003-1247D77742D0}"
EndProject
Global
	GlobalSection(SolutionConfigurationPlatforms) = preSolution
		Debug|Any CPU = Debug|Any CPU
		Release|Any CPU = Release|Any CPU
	EndGlobalSection
	GlobalSection(ProjectConfigurationPlatforms) = postSolution
		{6B3DAA91-06F4-41FB-A003-1247D77742D0}.Debug|Any CPU.ActiveCfg = Debug|Any CPU
		{6B3DAA91-06F4-41FB-A003-1247D77742D0}.Debug|Any CPU.Build.0 = Debug|Any CPU
		{6B3DAA91-06F4-41FB-A003-1247D77742D0}.Release|Any CPU.ActiveCfg = Release|Any CPU
		{6B3DAA91-06F4-41FB-A003-1247D77742D0}.Release|Any CPU.Build.0 = Release|Any CPU
	EndGlobalSection
	GlobalSection(SolutionProperties) = preSolution
		HideSolutionNode = FALSE
	EndGlobalSection
	GlobalSection(ExtensibilityGlobals) = postSolution
		SolutionGuid = {8A4905C1-6DBE-40D7-98D1-CA1565C4026B}
	EndGlobalSection
EndGlobal
